
Microsoft Visual Studio Solution File, Format Version 12.00
Project("{FAE04EC0-301F-11D3-BF4B-00C04F79EFBC}") = "Solid", "Solid\Solid.csproj", "{2041D8D3-32CB-4C74-A7D4-233E4AE1F9A7}"
EndProject
Global
	GlobalSection(SolutionConfigurationPlatforms) = preSolution
		Debug|Any CPU = Debug|Any CPU
		Release|Any CPU = Release|Any CPU
	EndGlobalSection
	GlobalSection(ProjectConfigurationPlatforms) = postSolution
		{2041D8D3-32CB-4C74-A7D4-233E4AE1F9A7}.Debug|Any CPU.ActiveCfg = Debug|Any CPU
		{2041D8D3-32CB-4C74-A7D4-233E4AE1F9A7}.Debug|Any CPU.Build.0 = Debug|Any CPU
		{2041D8D3-32CB-4C74-A7D4-233E4AE1F9A7}.Release|Any CPU.ActiveCfg = Release|Any CPU
		{2041D8D3-32CB-4C74-A7D4-233E4AE1F9A7}.Release|Any CPU.Build.0 = Release|Any CPU
	EndGlobalSection
EndGlobal
