
Microsoft Visual Studio Solution File, Format Version 12.00
Project("{FAE04EC0-301F-11D3-BF4B-00C04F79EFBC}") = "EagleEye", "EagleEye\EagleEye.csproj", "{14624D54-15C9-4E78-BA43-3538D42CB33E}"
EndProject
Global
	GlobalSection(SolutionConfigurationPlatforms) = preSolution
		Debug|Any CPU = Debug|Any CPU
		Release|Any CPU = Release|Any CPU
	EndGlobalSection
	GlobalSection(ProjectConfigurationPlatforms) = postSolution
		{14624D54-15C9-4E78-BA43-3538D42CB33E}.Debug|Any CPU.ActiveCfg = Debug|Any CPU
		{14624D54-15C9-4E78-BA43-3538D42CB33E}.Debug|Any CPU.Build.0 = Debug|Any CPU
		{14624D54-15C9-4E78-BA43-3538D42CB33E}.Release|Any CPU.ActiveCfg = Release|Any CPU
		{14624D54-15C9-4E78-BA43-3538D42CB33E}.Release|Any CPU.Build.0 = Release|Any CPU
	EndGlobalSection
EndGlobal
